
Microsoft Visual Studio Solution File, Format Version 12.00
# Visual Studio Version 17
VisualStudioVersion = 17.0.31903.59
MinimumVisualStudioVersion = 10.0.40219.1
Project("{FAE04EC0-301F-11D3-BF4B-00C04F79EFBC}") = "ApiGateway", "ApiGateway\ApiGateway.csproj", "{8BBC5B29-BC4C-45A6-BDC7-1BCFB068C7AA}"
EndProject
Project("{2150E333-8FDC-42A3-9474-1A3956D46DE8}") = "Services", "Services", "{5854FF58-B8C5-05C6-5BF2-ACE42193F22B}"
EndProject
Project("{2150E333-8FDC-42A3-9474-1A3956D46DE8}") = "ProductService", "ProductService", "{1C57C2D2-1246-804C-0890-EC7B6BEC053B}"
EndProject
Project("{FAE04EC0-301F-11D3-BF4B-00C04F79EFBC}") = "ProductService.Api", "Services\ProductService\ProductService.Api\ProductService.Api.csproj", "{3CAE7230-8AA5-4A38-8F55-2AC427EAD298}"
EndProject
Project("{2150E333-8FDC-42A3-9474-1A3956D46DE8}") = "TransactionService", "TransactionService", "{C4CEC107-4A2B-419D-5FF0-21F98E7AF5C4}"
EndProject
Project("{FAE04EC0-301F-11D3-BF4B-00C04F79EFBC}") = "TransactionService.Api", "Services\TransactionService\TransactionService.Api\TransactionService.Api.csproj", "{A37B928C-44C8-4430-A8A5-22099D6E3BB4}"
EndProject
Global
	GlobalSection(SolutionConfigurationPlatforms) = preSolution
		Debug|Any CPU = Debug|Any CPU
		Debug|x64 = Debug|x64
		Debug|x86 = Debug|x86
		Release|Any CPU = Release|Any CPU
		Release|x64 = Release|x64
		Release|x86 = Release|x86
	EndGlobalSection
	GlobalSection(ProjectConfigurationPlatforms) = postSolution
		{8BBC5B29-BC4C-45A6-BDC7-1BCFB068C7AA}.Debug|Any CPU.ActiveCfg = Debug|Any CPU
		{8BBC5B29-BC4C-45A6-BDC7-1BCFB068C7AA}.Debug|Any CPU.Build.0 = Debug|Any CPU
		{8BBC5B29-BC4C-45A6-BDC7-1BCFB068C7AA}.Debug|x64.ActiveCfg = Debug|Any CPU
		{8BBC5B29-BC4C-45A6-BDC7-1BCFB068C7AA}.Debug|x64.Build.0 = Debug|Any CPU
		{8BBC5B29-BC4C-45A6-BDC7-1BCFB068C7AA}.Debug|x86.ActiveCfg = Debug|Any CPU
		{8BBC5B29-BC4C-45A6-BDC7-1BCFB068C7AA}.Debug|x86.Build.0 = Debug|Any CPU
		{8BBC5B29-BC4C-45A6-BDC7-1BCFB068C7AA}.Release|Any CPU.ActiveCfg = Release|Any CPU
		{8BBC5B29-BC4C-45A6-BDC7-1BCFB068C7AA}.Release|Any CPU.Build.0 = Release|Any CPU
		{8BBC5B29-BC4C-45A6-BDC7-1BCFB068C7AA}.Release|x64.ActiveCfg = Release|Any CPU
		{8BBC5B29-BC4C-45A6-BDC7-1BCFB068C7AA}.Release|x64.Build.0 = Release|Any CPU
		{8BBC5B29-BC4C-45A6-BDC7-1BCFB068C7AA}.Release|x86.ActiveCfg = Release|Any CPU
		{8BBC5B29-BC4C-45A6-BDC7-1BCFB068C7AA}.Release|x86.Build.0 = Release|Any CPU
		{3CAE7230-8AA5-4A38-8F55-2AC427EAD298}.Debug|Any CPU.ActiveCfg = Debug|Any CPU
		{3CAE7230-8AA5-4A38-8F55-2AC427EAD298}.Debug|Any CPU.Build.0 = Debug|Any CPU
		{3CAE7230-8AA5-4A38-8F55-2AC427EAD298}.Debug|x64.ActiveCfg = Debug|Any CPU
		{3CAE7230-8AA5-4A38-8F55-2AC427EAD298}.Debug|x64.Build.0 = Debug|Any CPU
		{3CAE7230-8AA5-4A38-8F55-2AC427EAD298}.Debug|x86.ActiveCfg = Debug|Any CPU
		{3CAE7230-8AA5-4A38-8F55-2AC427EAD298}.Debug|x86.Build.0 = Debug|Any CPU
		{3CAE7230-8AA5-4A38-8F55-2AC427EAD298}.Release|Any CPU.ActiveCfg = Release|Any CPU
		{3CAE7230-8AA5-4A38-8F55-2AC427EAD298}.Release|Any CPU.Build.0 = Release|Any CPU
		{3CAE7230-8AA5-4A38-8F55-2AC427EAD298}.Release|x64.ActiveCfg = Release|Any CPU
		{3CAE7230-8AA5-4A38-8F55-2AC427EAD298}.Release|x64.Build.0 = Release|Any CPU
		{3CAE7230-8AA5-4A38-8F55-2AC427EAD298}.Release|x86.ActiveCfg = Release|Any CPU
		{3CAE7230-8AA5-4A38-8F55-2AC427EAD298}.Release|x86.Build.0 = Release|Any CPU
		{A37B928C-44C8-4430-A8A5-22099D6E3BB4}.Debug|Any CPU.ActiveCfg = Debug|Any CPU
		{A37B928C-44C8-4430-A8A5-22099D6E3BB4}.Debug|Any CPU.Build.0 = Debug|Any CPU
		{A37B928C-44C8-4430-A8A5-22099D6E3BB4}.Debug|x64.ActiveCfg = Debug|Any CPU
		{A37B928C-44C8-4430-A8A5-22099D6E3BB4}.Debug|x64.Build.0 = Debug|Any CPU
		{A37B928C-44C8-4430-A8A5-22099D6E3BB4}.Debug|x86.ActiveCfg = Debug|Any CPU
		{A37B928C-44C8-4430-A8A5-22099D6E3BB4}.Debug|x86.Build.0 = Debug|Any CPU
		{A37B928C-44C8-4430-A8A5-22099D6E3BB4}.Release|Any CPU.ActiveCfg = Release|Any CPU
		{A37B928C-44C8-4430-A8A5-22099D6E3BB4}.Release|Any CPU.Build.0 = Release|Any CPU
		{A37B928C-44C8-4430-A8A5-22099D6E3BB4}.Release|x64.ActiveCfg = Release|Any CPU
		{A37B928C-44C8-4430-A8A5-22099D6E3BB4}.Release|x64.Build.0 = Release|Any CPU
		{A37B928C-44C8-4430-A8A5-22099D6E3BB4}.Release|x86.ActiveCfg = Release|Any CPU
		{A37B928C-44C8-4430-A8A5-22099D6E3BB4}.Release|x86.Build.0 = Release|Any CPU
	EndGlobalSection
	GlobalSection(SolutionProperties) = preSolution
		HideSolutionNode = FALSE
	EndGlobalSection
	GlobalSection(NestedProjects) = preSolution
		{1C57C2D2-1246-804C-0890-EC7B6BEC053B} = {5854FF58-B8C5-05C6-5BF2-ACE42193F22B}
		{3CAE7230-8AA5-4A38-8F55-2AC427EAD298} = {1C57C2D2-1246-804C-0890-EC7B6BEC053B}
		{C4CEC107-4A2B-419D-5FF0-21F98E7AF5C4} = {5854FF58-B8C5-05C6-5BF2-ACE42193F22B}
		{A37B928C-44C8-4430-A8A5-22099D6E3BB4} = {C4CEC107-4A2B-419D-5FF0-21F98E7AF5C4}
	EndGlobalSection
	GlobalSection(ExtensibilityGlobals) = postSolution
		SolutionGuid = {FDC743D2-C9A1-491C-95C9-7F5838CA8686}
	EndGlobalSection
EndGlobal
